
Microsoft Visual Studio Solution File, Format Version 12.00
# Visual Studio Version 17
VisualStudioVersion = 17.4.33103.184
MinimumVisualStudioVersion = 10.0.40219.1
Project("{9A19103F-16F7-4668-BE54-9A1E7A4F7556}") = "CompanySurvey", "CompanySurvey.csproj", "{CED3444C-2D7D-400C-BCB5-09704ED251B3}"
EndProject
Project("{9A19103F-16F7-4668-BE54-9A1E7A4F7556}") = "DataAccess", "..\DataAccess\DataAccess.csproj", "{2435A3A2-028C-4702-ABD5-E4C568A6BC95}"
EndProject
Project("{9A19103F-16F7-4668-BE54-9A1E7A4F7556}") = "Models", "..\Models\Models.csproj", "{EA36418B-4C7C-42BD-B2DD-0D19DC9D407B}"
EndProject
Global
	GlobalSection(SolutionConfigurationPlatforms) = preSolution
		Debug|Any CPU = Debug|Any CPU
		Release|Any CPU = Release|Any CPU
	EndGlobalSection
	GlobalSection(ProjectConfigurationPlatforms) = postSolution
		{CED3444C-2D7D-400C-BCB5-09704ED251B3}.Debug|Any CPU.ActiveCfg = Debug|Any CPU
		{CED3444C-2D7D-400C-BCB5-09704ED251B3}.Debug|Any CPU.Build.0 = Debug|Any CPU
		{CED3444C-2D7D-400C-BCB5-09704ED251B3}.Release|Any CPU.ActiveCfg = Release|Any CPU
		{CED3444C-2D7D-400C-BCB5-09704ED251B3}.Release|Any CPU.Build.0 = Release|Any CPU
		{2435A3A2-028C-4702-ABD5-E4C568A6BC95}.Debug|Any CPU.ActiveCfg = Debug|Any CPU
		{2435A3A2-028C-4702-ABD5-E4C568A6BC95}.Debug|Any CPU.Build.0 = Debug|Any CPU
		{2435A3A2-028C-4702-ABD5-E4C568A6BC95}.Release|Any CPU.ActiveCfg = Release|Any CPU
		{2435A3A2-028C-4702-ABD5-E4C568A6BC95}.Release|Any CPU.Build.0 = Release|Any CPU
		{EA36418B-4C7C-42BD-B2DD-0D19DC9D407B}.Debug|Any CPU.ActiveCfg = Debug|Any CPU
		{EA36418B-4C7C-42BD-B2DD-0D19DC9D407B}.Debug|Any CPU.Build.0 = Debug|Any CPU
		{EA36418B-4C7C-42BD-B2DD-0D19DC9D407B}.Release|Any CPU.ActiveCfg = Release|Any CPU
		{EA36418B-4C7C-42BD-B2DD-0D19DC9D407B}.Release|Any CPU.Build.0 = Release|Any CPU
	EndGlobalSection
	GlobalSection(SolutionProperties) = preSolution
		HideSolutionNode = FALSE
	EndGlobalSection
	GlobalSection(ExtensibilityGlobals) = postSolution
		SolutionGuid = {57D26214-86F1-40B1-AE4C-FEF982D54B4B}
	EndGlobalSection
EndGlobal
